
Microsoft Visual Studio Solution File, Format Version 12.00
# Visual Studio 2013
VisualStudioVersion = 12.0.31101.0
MinimumVisualStudioVersion = 10.0.40219.1
Project("{FAE04EC0-301F-11D3-BF4B-00C04F79EFBC}") = "PintCheck.Library", "PintCheck.Library\PintCheck.Library.csproj", "{80BE2214-9D09-4AE3-BAC4-C618C2FD9439}"
EndProject
Project("{FAE04EC0-301F-11D3-BF4B-00C04F79EFBC}") = "PintCheck.FormApp", "PintCheck.FormApp\PintCheck.FormApp.csproj", "{C9DE1043-C9E5-4D04-A85A-01F8D4BD9A68}"
EndProject
Project("{FAE04EC0-301F-11D3-BF4B-00C04F79EFBC}") = "PintCheck.ConsoleApp", "PintCheck.Console\PintCheck.ConsoleApp.csproj", "{3B298D0A-D141-4CEE-B09B-0DBBA9F7D7CB}"
EndProject
Project("{2150E333-8FDC-42A3-9474-1A3956D46DE8}") = "Solution Items", "Solution Items", "{28A2272E-AD05-453C-B3A9-532EC07BBCEE}"
	ProjectSection(SolutionItems) = preProject
		console-preview.png = console-preview.png
		form-preview.png = form-preview.png
		LICENSE = LICENSE
		README.md = README.md
	EndProjectSection
EndProject
Global
	GlobalSection(SolutionConfigurationPlatforms) = preSolution
		Debug|Any CPU = Debug|Any CPU
		Release|Any CPU = Release|Any CPU
	EndGlobalSection
	GlobalSection(ProjectConfigurationPlatforms) = postSolution
		{80BE2214-9D09-4AE3-BAC4-C618C2FD9439}.Debug|Any CPU.ActiveCfg = Debug|Any CPU
		{80BE2214-9D09-4AE3-BAC4-C618C2FD9439}.Debug|Any CPU.Build.0 = Debug|Any CPU
		{80BE2214-9D09-4AE3-BAC4-C618C2FD9439}.Release|Any CPU.ActiveCfg = Release|Any CPU
		{80BE2214-9D09-4AE3-BAC4-C618C2FD9439}.Release|Any CPU.Build.0 = Release|Any CPU
		{C9DE1043-C9E5-4D04-A85A-01F8D4BD9A68}.Debug|Any CPU.ActiveCfg = Debug|Any CPU
		{C9DE1043-C9E5-4D04-A85A-01F8D4BD9A68}.Debug|Any CPU.Build.0 = Debug|Any CPU
		{C9DE1043-C9E5-4D04-A85A-01F8D4BD9A68}.Release|Any CPU.ActiveCfg = Release|Any CPU
		{C9DE1043-C9E5-4D04-A85A-01F8D4BD9A68}.Release|Any CPU.Build.0 = Release|Any CPU
		{3B298D0A-D141-4CEE-B09B-0DBBA9F7D7CB}.Debug|Any CPU.ActiveCfg = Debug|Any CPU
		{3B298D0A-D141-4CEE-B09B-0DBBA9F7D7CB}.Debug|Any CPU.Build.0 = Debug|Any CPU
		{3B298D0A-D141-4CEE-B09B-0DBBA9F7D7CB}.Release|Any CPU.ActiveCfg = Release|Any CPU
		{3B298D0A-D141-4CEE-B09B-0DBBA9F7D7CB}.Release|Any CPU.Build.0 = Release|Any CPU
	EndGlobalSection
	GlobalSection(SolutionProperties) = preSolution
		HideSolutionNode = FALSE
	EndGlobalSection
EndGlobal
